
Microsoft Visual Studio Solution File, Format Version 12.00
Project("{FAE04EC0-301F-11D3-BF4B-00C04F79EFBC}") = "TorchAutoModerator", "TorchAutoModerator\TorchAutoModerator.csproj", "{EC211AE3-0BED-46AF-B6D1-B8CE93F31009}"
EndProject
Project("{FAE04EC0-301F-11D3-BF4B-00C04F79EFBC}") = "Utils.TimeSerieses", "Utils.TimeSerieses\Utils.TimeSerieses.csproj", "{7F42B008-0B81-4DCC-82E6-18125AC9524E}"
EndProject
Project("{FAE04EC0-301F-11D3-BF4B-00C04F79EFBC}") = "Utils.TimeSerieses.Test", "Utils.TimeSerieses.Test\Utils.TimeSerieses.Test.csproj", "{74E430BF-3027-4E02-8B34-39E81387FE49}"
EndProject
Project("{D954291E-2A0B-460D-934E-DC6B0785DB48}") = "Utils.General", "TorchUtils\Utils.General\Utils.General.shproj", "{4E4B3282-B361-4E86-B971-059EFF657677}"
EndProject
Project("{D954291E-2A0B-460D-934E-DC6B0785DB48}") = "Utils.Torch", "TorchUtils\Utils.Torch\Utils.Torch.shproj", "{27569BFC-809F-4253-8959-78107741620D}"
EndProject
Global
	GlobalSection(SolutionConfigurationPlatforms) = preSolution
		Debug|Any CPU = Debug|Any CPU
		Release|Any CPU = Release|Any CPU
	EndGlobalSection
	GlobalSection(ProjectConfigurationPlatforms) = postSolution
		{EC211AE3-0BED-46AF-B6D1-B8CE93F31009}.Debug|Any CPU.ActiveCfg = Debug|Any CPU
		{EC211AE3-0BED-46AF-B6D1-B8CE93F31009}.Debug|Any CPU.Build.0 = Debug|Any CPU
		{EC211AE3-0BED-46AF-B6D1-B8CE93F31009}.Release|Any CPU.ActiveCfg = Release|Any CPU
		{EC211AE3-0BED-46AF-B6D1-B8CE93F31009}.Release|Any CPU.Build.0 = Release|Any CPU
		{7F42B008-0B81-4DCC-82E6-18125AC9524E}.Debug|Any CPU.ActiveCfg = Debug|Any CPU
		{7F42B008-0B81-4DCC-82E6-18125AC9524E}.Debug|Any CPU.Build.0 = Debug|Any CPU
		{7F42B008-0B81-4DCC-82E6-18125AC9524E}.Release|Any CPU.ActiveCfg = Release|Any CPU
		{7F42B008-0B81-4DCC-82E6-18125AC9524E}.Release|Any CPU.Build.0 = Release|Any CPU
		{74E430BF-3027-4E02-8B34-39E81387FE49}.Debug|Any CPU.ActiveCfg = Debug|Any CPU
		{74E430BF-3027-4E02-8B34-39E81387FE49}.Debug|Any CPU.Build.0 = Debug|Any CPU
		{74E430BF-3027-4E02-8B34-39E81387FE49}.Release|Any CPU.ActiveCfg = Release|Any CPU
		{74E430BF-3027-4E02-8B34-39E81387FE49}.Release|Any CPU.Build.0 = Release|Any CPU
	EndGlobalSection
EndGlobal
